
Microsoft Visual Studio Solution File, Format Version 12.00
# Visual Studio Version 17
VisualStudioVersion = 17.0.31903.59
MinimumVisualStudioVersion = 10.0.40219.1
Project("{FAE04EC0-301F-11D3-BF4B-00C04F79EFBC}") = "QA.App", "QA.App\QA.App.csproj", "{397F42AB-59FB-4081-A8C2-FD240FA2A207}"
EndProject
Project("{FAE04EC0-301F-11D3-BF4B-00C04F79EFBC}") = "QA.Library", "QA.Library\QA.Library.csproj", "{44D2FAFA-00C8-461E-9316-B0DAEDC52AFE}"
EndProject
Global
	GlobalSection(SolutionConfigurationPlatforms) = preSolution
		Debug|Any CPU = Debug|Any CPU
		Debug|x64 = Debug|x64
		Debug|x86 = Debug|x86
		Release|Any CPU = Release|Any CPU
		Release|x64 = Release|x64
		Release|x86 = Release|x86
	EndGlobalSection
	GlobalSection(ProjectConfigurationPlatforms) = postSolution
		{397F42AB-59FB-4081-A8C2-FD240FA2A207}.Debug|Any CPU.ActiveCfg = Debug|Any CPU
		{397F42AB-59FB-4081-A8C2-FD240FA2A207}.Debug|Any CPU.Build.0 = Debug|Any CPU
		{397F42AB-59FB-4081-A8C2-FD240FA2A207}.Debug|x64.ActiveCfg = Debug|Any CPU
		{397F42AB-59FB-4081-A8C2-FD240FA2A207}.Debug|x64.Build.0 = Debug|Any CPU
		{397F42AB-59FB-4081-A8C2-FD240FA2A207}.Debug|x86.ActiveCfg = Debug|Any CPU
		{397F42AB-59FB-4081-A8C2-FD240FA2A207}.Debug|x86.Build.0 = Debug|Any CPU
		{397F42AB-59FB-4081-A8C2-FD240FA2A207}.Release|Any CPU.ActiveCfg = Release|Any CPU
		{397F42AB-59FB-4081-A8C2-FD240FA2A207}.Release|Any CPU.Build.0 = Release|Any CPU
		{397F42AB-59FB-4081-A8C2-FD240FA2A207}.Release|x64.ActiveCfg = Release|Any CPU
		{397F42AB-59FB-4081-A8C2-FD240FA2A207}.Release|x64.Build.0 = Release|Any CPU
		{397F42AB-59FB-4081-A8C2-FD240FA2A207}.Release|x86.ActiveCfg = Release|Any CPU
		{397F42AB-59FB-4081-A8C2-FD240FA2A207}.Release|x86.Build.0 = Release|Any CPU
		{44D2FAFA-00C8-461E-9316-B0DAEDC52AFE}.Debug|Any CPU.ActiveCfg = Debug|Any CPU
		{44D2FAFA-00C8-461E-9316-B0DAEDC52AFE}.Debug|Any CPU.Build.0 = Debug|Any CPU
		{44D2FAFA-00C8-461E-9316-B0DAEDC52AFE}.Debug|x64.ActiveCfg = Debug|Any CPU
		{44D2FAFA-00C8-461E-9316-B0DAEDC52AFE}.Debug|x64.Build.0 = Debug|Any CPU
		{44D2FAFA-00C8-461E-9316-B0DAEDC52AFE}.Debug|x86.ActiveCfg = Debug|Any CPU
		{44D2FAFA-00C8-461E-9316-B0DAEDC52AFE}.Debug|x86.Build.0 = Debug|Any CPU
		{44D2FAFA-00C8-461E-9316-B0DAEDC52AFE}.Release|Any CPU.ActiveCfg = Release|Any CPU
		{44D2FAFA-00C8-461E-9316-B0DAEDC52AFE}.Release|Any CPU.Build.0 = Release|Any CPU
		{44D2FAFA-00C8-461E-9316-B0DAEDC52AFE}.Release|x64.ActiveCfg = Release|Any CPU
		{44D2FAFA-00C8-461E-9316-B0DAEDC52AFE}.Release|x64.Build.0 = Release|Any CPU
		{44D2FAFA-00C8-461E-9316-B0DAEDC52AFE}.Release|x86.ActiveCfg = Release|Any CPU
		{44D2FAFA-00C8-461E-9316-B0DAEDC52AFE}.Release|x86.Build.0 = Release|Any CPU
	EndGlobalSection
	GlobalSection(SolutionProperties) = preSolution
		HideSolutionNode = FALSE
	EndGlobalSection
EndGlobal
